# generated by rye
# use `rye lock` or `rye sync` to update this lockfile
#
# last locked with the following flags:
#   pre: false
#   features: []
#   all-features: false
#   with-sources: false
#   generate-hashes: false

-e file:.
absl-py==1.4.0
    # via kfp
aiohttp==3.9.5
    # via aiohttp-retry
    # via mlrun
    # via storey
aiohttp-retry==2.8.3
    # via mlrun
aiosignal==1.3.1
    # via aiohttp
anyio==3.7.1
    # via jupyter-server
    # via mlrun
argon2-cffi==23.1.0
    # via jupyter-server
    # via notebook
argon2-cffi-bindings==21.2.0
    # via argon2-cffi
arrow==1.3.0
    # via isoduration
asttokens==2.4.1
    # via stack-data
async-timeout==4.0.3
    # via aiohttp
attrs==23.2.0
    # via aiohttp
    # via jsonschema
    # via referencing
beautifulsoup4==4.12.3
    # via nbconvert
bleach==6.1.0
    # via nbconvert
boto3==1.34.146
    # via nuclio-jupyter
botocore==1.34.146
    # via boto3
    # via s3transfer
cachetools==5.4.0
    # via google-auth
certifi==2024.7.4
    # via kfp-server-api
    # via kubernetes
    # via requests
cffi==1.16.0
    # via argon2-cffi-bindings
charset-normalizer==3.3.2
    # via requests
click==8.1.7
    # via kfp
    # via mlrun
    # via typer
cloudpickle==2.2.1
    # via kfp
comm==0.2.2
    # via ipykernel
debugpy==1.8.2
    # via ipykernel
decorator==5.1.1
    # via ipython
defusedxml==0.7.1
    # via nbconvert
dependency-injector==4.41.0
    # via mlrun
deprecated==1.2.14
    # via kfp
    # via mlrun
docstring-parser==0.16
    # via kfp
entrypoints==0.4
    # via jupyter-client
exceptiongroup==1.2.2
    # via anyio
    # via ipython
executing==2.0.1
    # via stack-data
fastjsonschema==2.20.0
    # via nbformat
fire==0.6.0
    # via kfp
fqdn==1.5.1
    # via jsonschema
frozenlist==1.4.1
    # via aiohttp
    # via aiosignal
fsspec==2023.9.2
    # via mlrun
    # via storey
    # via v3iofs
future==1.0.0
    # via v3io
gitdb==4.0.11
    # via gitpython
gitpython==3.1.43
    # via mlrun
google-api-core==2.19.1
    # via google-api-python-client
    # via google-cloud-core
    # via google-cloud-storage
    # via kfp
google-api-python-client==1.12.11
    # via kfp
google-auth==2.32.0
    # via google-api-core
    # via google-api-python-client
    # via google-auth-httplib2
    # via google-cloud-core
    # via google-cloud-storage
    # via kfp
    # via kubernetes
google-auth-httplib2==0.2.0
    # via google-api-python-client
google-cloud-core==2.4.1
    # via google-cloud-storage
google-cloud-storage==2.17.0
    # via kfp
google-crc32c==1.5.0
    # via google-cloud-storage
    # via google-resumable-media
google-resumable-media==2.7.1
    # via google-cloud-storage
googleapis-common-protos==1.63.2
    # via google-api-core
    # via v3io-frames
grpcio==1.65.1
    # via grpcio-tools
grpcio-tools==1.48.2
    # via v3io-frames
httplib2==0.22.0
    # via google-api-python-client
    # via google-auth-httplib2
idna==3.7
    # via anyio
    # via jsonschema
    # via requests
    # via yarl
importlib-metadata==8.0.0
    # via nbconvert
inflection==0.5.1
    # via mlrun
ipykernel==6.29.5
    # via nbclassic
    # via notebook
ipython==8.18.1
    # via ipykernel
    # via mlrun
    # via nuclio-jupyter
ipython-genutils==0.2.0
    # via nbclassic
    # via notebook
isoduration==20.11.0
    # via jsonschema
jedi==0.19.1
    # via ipython
jinja2==3.1.4
    # via jupyter-server
    # via mlrun
    # via nbconvert
    # via notebook
jmespath==1.0.1
    # via boto3
    # via botocore
jsonpointer==3.0.0
    # via jsonschema
jsonschema==4.23.0
    # via jupyter-events
    # via kfp
    # via nbformat
jsonschema-specifications==2023.12.1
    # via jsonschema
jupyter-client==7.4.9
    # via ipykernel
    # via jupyter-server
    # via nbclient
    # via notebook
jupyter-core==5.7.2
    # via ipykernel
    # via jupyter-client
    # via jupyter-server
    # via nbclient
    # via nbconvert
    # via nbformat
    # via notebook
jupyter-events==0.10.0
    # via jupyter-server
jupyter-server==2.14.2
    # via notebook-shim
jupyter-server-terminals==0.5.3
    # via jupyter-server
jupyterlab-pygments==0.3.0
    # via nbconvert
kfp==1.8.22
    # via mlrun
kfp-pipeline-spec==0.1.16
    # via kfp
kfp-server-api==1.8.5
    # via kfp
kubernetes==25.3.0
    # via kfp
markdown-it-py==3.0.0
    # via rich
markupsafe==2.1.5
    # via jinja2
    # via nbconvert
matplotlib-inline==0.1.7
    # via ipykernel
    # via ipython
mdurl==0.1.2
    # via markdown-it-py
mergedeep==1.3.4
    # via mlrun
mistune==3.0.2
    # via nbconvert
mlrun==1.6.4
    # via fraud-detection
multidict==6.0.5
    # via aiohttp
    # via yarl
nbclassic==1.1.0
    # via notebook
nbclient==0.10.0
    # via nbconvert
nbconvert==7.16.4
    # via jupyter-server
    # via notebook
    # via nuclio-jupyter
nbformat==5.10.4
    # via jupyter-server
    # via nbclient
    # via nbconvert
    # via notebook
nest-asyncio==1.6.0
    # via ipykernel
    # via jupyter-client
    # via mlrun
    # via nbclassic
    # via notebook
notebook==6.5.7
    # via nuclio-jupyter
notebook-shim==0.2.4
    # via nbclassic
nuclio-jupyter==0.9.17
    # via mlrun
nuclio-sdk==0.5.10
    # via storey
numpy==1.26.4
    # via mlrun
    # via pandas
    # via pyarrow
    # via storey
oauthlib==3.2.2
    # via requests-oauthlib
orjson==3.10.6
    # via mlrun
overrides==7.7.0
    # via jupyter-server
packaging==24.1
    # via ipykernel
    # via jupyter-server
    # via nbconvert
pandas==2.1.0
    # via fraud-detection
    # via mlrun
    # via storey
    # via v3io-frames
pandocfilters==1.5.1
    # via nbconvert
parso==0.8.4
    # via jedi
pexpect==4.9.0
    # via ipython
platformdirs==4.2.2
    # via jupyter-core
prometheus-client==0.20.0
    # via jupyter-server
    # via notebook
prompt-toolkit==3.0.47
    # via ipython
proto-plus==1.24.0
    # via google-api-core
protobuf==3.20.3
    # via google-api-core
    # via googleapis-common-protos
    # via grpcio-tools
    # via kfp
    # via kfp-pipeline-spec
    # via proto-plus
psutil==6.0.0
    # via ipykernel
ptyprocess==0.7.0
    # via pexpect
    # via terminado
pure-eval==0.2.3
    # via stack-data
pyarrow==14.0.2
    # via mlrun
    # via storey
pyasn1==0.6.0
    # via pyasn1-modules
    # via rsa
pyasn1-modules==0.4.0
    # via google-auth
pycparser==2.22
    # via cffi
pydantic==1.10.14
    # via kfp
    # via mlrun
pygments==2.18.0
    # via ipython
    # via nbconvert
    # via rich
pyparsing==3.1.2
    # via httplib2
python-dateutil==2.9.0.post0
    # via arrow
    # via botocore
    # via jupyter-client
    # via kfp-server-api
    # via kubernetes
    # via pandas
python-dotenv==0.17.1
    # via mlrun
python-json-logger==2.0.7
    # via jupyter-events
pytz==2024.1
    # via pandas
pyyaml==5.4.1
    # via jupyter-events
    # via kfp
    # via kubernetes
    # via mlrun
    # via nuclio-jupyter
pyzmq==26.0.3
    # via ipykernel
    # via jupyter-client
    # via jupyter-server
    # via notebook
referencing==0.35.1
    # via jsonschema
    # via jsonschema-specifications
    # via jupyter-events
requests==2.32.3
    # via google-api-core
    # via google-cloud-storage
    # via kubernetes
    # via mlrun
    # via nuclio-jupyter
    # via requests-oauthlib
    # via requests-toolbelt
    # via v3io
    # via v3io-frames
requests-oauthlib==2.0.0
    # via kubernetes
requests-toolbelt==0.10.1
    # via kfp
rfc3339-validator==0.1.4
    # via jsonschema
    # via jupyter-events
rfc3986-validator==0.1.1
    # via jsonschema
    # via jupyter-events
rich==13.7.1
    # via typer
rpds-py==0.19.0
    # via jsonschema
    # via referencing
rsa==4.9
    # via google-auth
s3transfer==0.10.2
    # via boto3
semver==3.0.2
    # via mlrun
send2trash==1.8.3
    # via jupyter-server
    # via notebook
setuptools==69.5.1
    # via grpcio-tools
    # via kubernetes
    # via mlrun
shellingham==1.5.4
    # via typer
six==1.16.0
    # via asttokens
    # via bleach
    # via dependency-injector
    # via fire
    # via google-api-python-client
    # via kfp-server-api
    # via kubernetes
    # via python-dateutil
    # via rfc3339-validator
smmap==5.0.1
    # via gitdb
sniffio==1.3.1
    # via anyio
soupsieve==2.5
    # via beautifulsoup4
stack-data==0.6.3
    # via ipython
storey==1.6.20
    # via mlrun
strip-hints==0.1.10
    # via kfp
tabulate==0.8.10
    # via kfp
    # via mlrun
termcolor==2.4.0
    # via fire
terminado==0.18.1
    # via jupyter-server
    # via jupyter-server-terminals
    # via notebook
tinycss2==1.3.0
    # via nbconvert
tornado==6.4.1
    # via ipykernel
    # via jupyter-client
    # via jupyter-server
    # via notebook
    # via terminado
traitlets==5.14.3
    # via comm
    # via ipykernel
    # via ipython
    # via jupyter-client
    # via jupyter-core
    # via jupyter-events
    # via jupyter-server
    # via matplotlib-inline
    # via nbclient
    # via nbconvert
    # via nbformat
    # via notebook
typer==0.12.3
    # via kfp
types-python-dateutil==2.9.0.20240316
    # via arrow
typing-extensions==4.12.2
    # via ipython
    # via pydantic
    # via typer
tzdata==2024.1
    # via pandas
ujson==5.10.0
    # via v3io
uri-template==1.3.0
    # via jsonschema
uritemplate==3.0.1
    # via google-api-python-client
    # via kfp
urllib3==1.26.19
    # via botocore
    # via kfp
    # via kfp-server-api
    # via kubernetes
    # via mlrun
    # via requests
v3io==0.6.8
    # via mlrun
    # via storey
    # via v3iofs
v3io-frames==0.10.14
    # via mlrun
    # via storey
v3iofs==0.1.18
    # via mlrun
    # via storey
wcwidth==0.2.13
    # via prompt-toolkit
webcolors==24.6.0
    # via jsonschema
webencodings==0.5.1
    # via bleach
    # via tinycss2
websocket-client==1.8.0
    # via jupyter-server
    # via kubernetes
wheel==0.43.0
    # via strip-hints
wrapt==1.16.0
    # via deprecated
xxhash==3.4.1
    # via storey
yarl==1.9.4
    # via aiohttp
zipp==3.19.2
    # via importlib-metadata
